
Microsoft Visual Studio Solution File, Format Version 12.00
# Visual Studio Version 17
VisualStudioVersion = 17.14.36623.8
MinimumVisualStudioVersion = 10.0.40219.1
Project("{FAE04EC0-301F-11D3-BF4B-00C04F79EFBC}") = "OrderApi", "Order.Api\OrderApi.csproj", "{6D8646A0-00CF-485D-BFB3-D05356B559E2}"
EndProject
Project("{2150E333-8FDC-42A3-9474-1A3956D46DE8}") = "Order", "Order", "{02EA681E-C7D8-13C7-8484-4AC65E1B71E8}"
EndProject
Project("{FAE04EC0-301F-11D3-BF4B-00C04F79EFBC}") = "OrderDomain", "Order.Domain\OrderDomain.csproj", "{0C27B047-AB2F-49AA-BED4-9C0E07752D6D}"
EndProject
Project("{FAE04EC0-301F-11D3-BF4B-00C04F79EFBC}") = "OrderApplication", "Order.Application\OrderApplication.csproj", "{EF7C6ADB-7C3B-4DCE-8538-490FBD646DEB}"
EndProject
Project("{FAE04EC0-301F-11D3-BF4B-00C04F79EFBC}") = "OrderPersistence", "OrderPersistence\OrderPersistence.csproj", "{2ED802BD-2653-4CF4-BF73-0070AA6CB7BF}"
EndProject
Project("{FAE04EC0-301F-11D3-BF4B-00C04F79EFBC}") = "Bus.Shared", "Bus.Shared\Bus.Shared.csproj", "{424D2BBE-9DD2-47D2-A878-2B26E7B9F1D9}"
EndProject
Project("{E53339B2-1760-4266-BCC7-CA923CBCF16C}") = "docker-compose", "docker-compose.dcproj", "{81DDED9D-158B-E303-5F62-77A2896D2A5A}"
EndProject
Project("{FAE04EC0-301F-11D3-BF4B-00C04F79EFBC}") = "WorkerServiceKafka", "WorkerService\WorkerServiceKafka.csproj", "{530668BD-809B-4840-9DCD-C0B01524AE9E}"
EndProject
Global
	GlobalSection(SolutionConfigurationPlatforms) = preSolution
		Debug|Any CPU = Debug|Any CPU
		Release|Any CPU = Release|Any CPU
	EndGlobalSection
	GlobalSection(ProjectConfigurationPlatforms) = postSolution
		{6D8646A0-00CF-485D-BFB3-D05356B559E2}.Debug|Any CPU.ActiveCfg = Debug|Any CPU
		{6D8646A0-00CF-485D-BFB3-D05356B559E2}.Debug|Any CPU.Build.0 = Debug|Any CPU
		{6D8646A0-00CF-485D-BFB3-D05356B559E2}.Release|Any CPU.ActiveCfg = Release|Any CPU
		{6D8646A0-00CF-485D-BFB3-D05356B559E2}.Release|Any CPU.Build.0 = Release|Any CPU
		{0C27B047-AB2F-49AA-BED4-9C0E07752D6D}.Debug|Any CPU.ActiveCfg = Debug|Any CPU
		{0C27B047-AB2F-49AA-BED4-9C0E07752D6D}.Debug|Any CPU.Build.0 = Debug|Any CPU
		{0C27B047-AB2F-49AA-BED4-9C0E07752D6D}.Release|Any CPU.ActiveCfg = Release|Any CPU
		{0C27B047-AB2F-49AA-BED4-9C0E07752D6D}.Release|Any CPU.Build.0 = Release|Any CPU
		{EF7C6ADB-7C3B-4DCE-8538-490FBD646DEB}.Debug|Any CPU.ActiveCfg = Debug|Any CPU
		{EF7C6ADB-7C3B-4DCE-8538-490FBD646DEB}.Debug|Any CPU.Build.0 = Debug|Any CPU
		{EF7C6ADB-7C3B-4DCE-8538-490FBD646DEB}.Release|Any CPU.ActiveCfg = Release|Any CPU
		{EF7C6ADB-7C3B-4DCE-8538-490FBD646DEB}.Release|Any CPU.Build.0 = Release|Any CPU
		{2ED802BD-2653-4CF4-BF73-0070AA6CB7BF}.Debug|Any CPU.ActiveCfg = Debug|Any CPU
		{2ED802BD-2653-4CF4-BF73-0070AA6CB7BF}.Debug|Any CPU.Build.0 = Debug|Any CPU
		{2ED802BD-2653-4CF4-BF73-0070AA6CB7BF}.Release|Any CPU.ActiveCfg = Release|Any CPU
		{2ED802BD-2653-4CF4-BF73-0070AA6CB7BF}.Release|Any CPU.Build.0 = Release|Any CPU
		{424D2BBE-9DD2-47D2-A878-2B26E7B9F1D9}.Debug|Any CPU.ActiveCfg = Debug|Any CPU
		{424D2BBE-9DD2-47D2-A878-2B26E7B9F1D9}.Debug|Any CPU.Build.0 = Debug|Any CPU
		{424D2BBE-9DD2-47D2-A878-2B26E7B9F1D9}.Release|Any CPU.ActiveCfg = Release|Any CPU
		{424D2BBE-9DD2-47D2-A878-2B26E7B9F1D9}.Release|Any CPU.Build.0 = Release|Any CPU
		{81DDED9D-158B-E303-5F62-77A2896D2A5A}.Debug|Any CPU.ActiveCfg = Debug|Any CPU
		{81DDED9D-158B-E303-5F62-77A2896D2A5A}.Debug|Any CPU.Build.0 = Debug|Any CPU
		{81DDED9D-158B-E303-5F62-77A2896D2A5A}.Release|Any CPU.ActiveCfg = Release|Any CPU
		{81DDED9D-158B-E303-5F62-77A2896D2A5A}.Release|Any CPU.Build.0 = Release|Any CPU
		{530668BD-809B-4840-9DCD-C0B01524AE9E}.Debug|Any CPU.ActiveCfg = Debug|Any CPU
		{530668BD-809B-4840-9DCD-C0B01524AE9E}.Debug|Any CPU.Build.0 = Debug|Any CPU
		{530668BD-809B-4840-9DCD-C0B01524AE9E}.Release|Any CPU.ActiveCfg = Release|Any CPU
		{530668BD-809B-4840-9DCD-C0B01524AE9E}.Release|Any CPU.Build.0 = Release|Any CPU
	EndGlobalSection
	GlobalSection(SolutionProperties) = preSolution
		HideSolutionNode = FALSE
	EndGlobalSection
	GlobalSection(NestedProjects) = preSolution
		{6D8646A0-00CF-485D-BFB3-D05356B559E2} = {02EA681E-C7D8-13C7-8484-4AC65E1B71E8}
		{0C27B047-AB2F-49AA-BED4-9C0E07752D6D} = {02EA681E-C7D8-13C7-8484-4AC65E1B71E8}
		{EF7C6ADB-7C3B-4DCE-8538-490FBD646DEB} = {02EA681E-C7D8-13C7-8484-4AC65E1B71E8}
		{2ED802BD-2653-4CF4-BF73-0070AA6CB7BF} = {02EA681E-C7D8-13C7-8484-4AC65E1B71E8}
	EndGlobalSection
	GlobalSection(ExtensibilityGlobals) = postSolution
		SolutionGuid = {A4800078-2832-4075-9A67-67B441D77C42}
	EndGlobalSection
EndGlobal
